
Microsoft Visual Studio Solution File, Format Version 12.00
Project("{FAE04EC0-301F-11D3-BF4B-00C04F79EFBC}") = "HaftpflichtDummy", "HaftpflichtDummy\HaftpflichtDummy.csproj", "{BC1490C1-86D8-49F7-9586-7F09E54857E2}"
EndProject
Project("{FAE04EC0-301F-11D3-BF4B-00C04F79EFBC}") = "HaftpflichtDummy.DataProviders", "HaftpflichtDummy.DataProviders\HaftpflichtDummy.DataProviders.csproj", "{4A53507F-2509-4F7F-803C-B855AA29D646}"
EndProject
Global
	GlobalSection(SolutionConfigurationPlatforms) = preSolution
		Debug|Any CPU = Debug|Any CPU
		Release|Any CPU = Release|Any CPU
	EndGlobalSection
	GlobalSection(ProjectConfigurationPlatforms) = postSolution
		{BC1490C1-86D8-49F7-9586-7F09E54857E2}.Debug|Any CPU.ActiveCfg = Debug|Any CPU
		{BC1490C1-86D8-49F7-9586-7F09E54857E2}.Debug|Any CPU.Build.0 = Debug|Any CPU
		{BC1490C1-86D8-49F7-9586-7F09E54857E2}.Release|Any CPU.ActiveCfg = Release|Any CPU
		{BC1490C1-86D8-49F7-9586-7F09E54857E2}.Release|Any CPU.Build.0 = Release|Any CPU
		{4A53507F-2509-4F7F-803C-B855AA29D646}.Debug|Any CPU.ActiveCfg = Debug|Any CPU
		{4A53507F-2509-4F7F-803C-B855AA29D646}.Debug|Any CPU.Build.0 = Debug|Any CPU
		{4A53507F-2509-4F7F-803C-B855AA29D646}.Release|Any CPU.ActiveCfg = Release|Any CPU
		{4A53507F-2509-4F7F-803C-B855AA29D646}.Release|Any CPU.Build.0 = Release|Any CPU
	EndGlobalSection
EndGlobal
